// !$*UTF8*$!
{
	archiveVersion = 1;
	classes = {
	};
	objectVersion = 50;
	objects = {

/* Begin PBXBuildFile section */
		180114E321707F2F005C543F /* MLClockEditView.swift in Sources */ = {isa = PBXBuildFile; fileRef = 180114E221707F2F005C543F /* MLClockEditView.swift */; };
		180114E521707F57005C543F /* MLClockEditViewController.swift in Sources */ = {isa = PBXBuildFile; fileRef = 180114E421707F57005C543F /* MLClockEditViewController.swift */; };
		180114E721707F85005C543F /* MLClockEditManager.swift in Sources */ = {isa = PBXBuildFile; fileRef = 180114E621707F85005C543F /* MLClockEditManager.swift */; };
		1811A1F8216D9AA400927D36 /* MLClockDateProtocol.swift in Sources */ = {isa = PBXBuildFile; fileRef = 1811A1F7216D9AA400927D36 /* MLClockDateProtocol.swift */; };
		1811A1FA216D9B3C00927D36 /* MLClockDateModel.swift in Sources */ = {isa = PBXBuildFile; fileRef = 1811A1F9216D9B3C00927D36 /* MLClockDateModel.swift */; };
		1811A1FE216D9C3800927D36 /* MLClockOffsetDayDateModel.swift in Sources */ = {isa = PBXBuildFile; fileRef = 1811A1FD216D9C3800927D36 /* MLClockOffsetDayDateModel.swift */; };
		183224552153719F009A7439 /* Main.storyboard in Resources */ = {isa = PBXBuildFile; fileRef = 183224542153719F009A7439 /* Main.storyboard */; };
		1832245B21537AE6009A7439 /* MLClockDataList.swift in Sources */ = {isa = PBXBuildFile; fileRef = 1832245A21537AE6009A7439 /* MLClockDataList.swift */; };
		1832245F21538186009A7439 /* MLClockDateManager.swift in Sources */ = {isa = PBXBuildFile; fileRef = 1832245E21538186009A7439 /* MLClockDateManager.swift */; };
		184B813E21548A5900EAFAA0 /* Label+MLCreate.swift in Sources */ = {isa = PBXBuildFile; fileRef = 184B813D21548A5900EAFAA0 /* Label+MLCreate.swift */; };
		184B8140215496D200EAFAA0 /* View+MLAdd.swift in Sources */ = {isa = PBXBuildFile; fileRef = 184B813F215496D200EAFAA0 /* View+MLAdd.swift */; };
		184D58332174661E0093E394 /* MLHoursPickerManager.swift in Sources */ = {isa = PBXBuildFile; fileRef = 184D58322174661E0093E394 /* MLHoursPickerManager.swift */; };
		184D5835217469AC0093E394 /* MLTitleTextFieldItem.swift in Sources */ = {isa = PBXBuildFile; fileRef = 184D5834217469AC0093E394 /* MLTitleTextFieldItem.swift */; };
		184D5837217586A20093E394 /* MLClockEditOffsetDayViewController.swift in Sources */ = {isa = PBXBuildFile; fileRef = 184D5836217586A20093E394 /* MLClockEditOffsetDayViewController.swift */; };
		184D58392175B7A60093E394 /* MLDatePickerView.swift in Sources */ = {isa = PBXBuildFile; fileRef = 184D58382175B7A60093E394 /* MLDatePickerView.swift */; };
		184D583B2175B7C40093E394 /* MLDatePickerToolView.swift in Sources */ = {isa = PBXBuildFile; fileRef = 184D583A2175B7C40093E394 /* MLDatePickerToolView.swift */; };
		184D583D2175DD1D0093E394 /* MLHourDatePickerView.swift in Sources */ = {isa = PBXBuildFile; fileRef = 184D583C2175DD1D0093E394 /* MLHourDatePickerView.swift */; };
		184D583F2175DE9B0093E394 /* MLSelectorAlertProtocol.swift in Sources */ = {isa = PBXBuildFile; fileRef = 184D583E2175DE9B0093E394 /* MLSelectorAlertProtocol.swift */; };
		184D58412175DFD20093E394 /* MLDatePickerHelper.swift in Sources */ = {isa = PBXBuildFile; fileRef = 184D58402175DFD20093E394 /* MLDatePickerHelper.swift */; };
		184D584421771EAC0093E394 /* MLClockEditProtocol.swift in Sources */ = {isa = PBXBuildFile; fileRef = 184D584321771EAC0093E394 /* MLClockEditProtocol.swift */; };
		184D584621782DCC0093E394 /* MLClockEditNavigationViewController.swift in Sources */ = {isa = PBXBuildFile; fileRef = 184D584521782DCC0093E394 /* MLClockEditNavigationViewController.swift */; };
		184D584821782F230093E394 /* UIResponder+MLAdd.swift in Sources */ = {isa = PBXBuildFile; fileRef = 184D584721782F230093E394 /* UIResponder+MLAdd.swift */; };
		189ECB29215C786E00CD29B6 /* MLClockListViewController.swift in Sources */ = {isa = PBXBuildFile; fileRef = 189ECB28215C786E00CD29B6 /* MLClockListViewController.swift */; };
		189ECB37215C882F00CD29B6 /* MLClockListManager.swift in Sources */ = {isa = PBXBuildFile; fileRef = 189ECB36215C882F00CD29B6 /* MLClockListManager.swift */; };
		18B3F0D0216D9F6D00874E5C /* MLClockDefineConstants.swift in Sources */ = {isa = PBXBuildFile; fileRef = 18B3F0CF216D9F6D00874E5C /* MLClockDefineConstants.swift */; };
		18BB5E2021534ABA0088EB96 /* AppDelegate.swift in Sources */ = {isa = PBXBuildFile; fileRef = 18BB5E1F21534ABA0088EB96 /* AppDelegate.swift */; };
		18BB5E2721534AC00088EB96 /* Assets.xcassets in Resources */ = {isa = PBXBuildFile; fileRef = 18BB5E2621534AC00088EB96 /* Assets.xcassets */; };
		18BB5E2A21534AC00088EB96 /* LaunchScreen.storyboard in Resources */ = {isa = PBXBuildFile; fileRef = 18BB5E2821534AC00088EB96 /* LaunchScreen.storyboard */; };
		18BB5E3521534AC10088EB96 /* MLClockToolTests.swift in Sources */ = {isa = PBXBuildFile; fileRef = 18BB5E3421534AC10088EB96 /* MLClockToolTests.swift */; };
		18BB5E4021534AC10088EB96 /* MLClockToolUITests.swift in Sources */ = {isa = PBXBuildFile; fileRef = 18BB5E3F21534AC10088EB96 /* MLClockToolUITests.swift */; };
		18C9EC98215CC15200C9CAC6 /* MLClockListTableViewCell.swift in Sources */ = {isa = PBXBuildFile; fileRef = 18C9EC97215CC15200C9CAC6 /* MLClockListTableViewCell.swift */; };
		18C9EC9A215CC2C900C9CAC6 /* MLClockNullView.swift in Sources */ = {isa = PBXBuildFile; fileRef = 18C9EC99215CC2C900C9CAC6 /* MLClockNullView.swift */; };
		18C9EC9C215CD09100C9CAC6 /* View+MLLayoutExtension.swift in Sources */ = {isa = PBXBuildFile; fileRef = 18C9EC9B215CD09100C9CAC6 /* View+MLLayoutExtension.swift */; };
/* End PBXBuildFile section */

/* Begin PBXContainerItemProxy section */
		18BB5E3121534AC10088EB96 /* PBXContainerItemProxy */ = {
			isa = PBXContainerItemProxy;
			containerPortal = 18BB5E1421534ABA0088EB96 /* Project object */;
			proxyType = 1;
			remoteGlobalIDString = 18BB5E1B21534ABA0088EB96;
			remoteInfo = MLClockTool;
		};
		18BB5E3C21534AC10088EB96 /* PBXContainerItemProxy */ = {
			isa = PBXContainerItemProxy;
			containerPortal = 18BB5E1421534ABA0088EB96 /* Project object */;
			proxyType = 1;
			remoteGlobalIDString = 18BB5E1B21534ABA0088EB96;
			remoteInfo = MLClockTool;
		};
/* End PBXContainerItemProxy section */

/* Begin PBXFileReference section */
		180114E221707F2F005C543F /* MLClockEditView.swift */ = {isa = PBXFileReference; lastKnownFileType = sourcecode.swift; path = MLClockEditView.swift; sourceTree = "<group>"; };
		180114E421707F57005C543F /* MLClockEditViewController.swift */ = {isa = PBXFileReference; lastKnownFileType = sourcecode.swift; path = MLClockEditViewController.swift; sourceTree = "<group>"; };
		180114E621707F85005C543F /* MLClockEditManager.swift */ = {isa = PBXFileReference; lastKnownFileType = sourcecode.swift; path = MLClockEditManager.swift; sourceTree = "<group>"; };
		1811A1F7216D9AA400927D36 /* MLClockDateProtocol.swift */ = {isa = PBXFileReference; lastKnownFileType = sourcecode.swift; path = MLClockDateProtocol.swift; sourceTree = "<group>"; };
		1811A1F9216D9B3C00927D36 /* MLClockDateModel.swift */ = {isa = PBXFileReference; lastKnownFileType = sourcecode.swift; path = MLClockDateModel.swift; sourceTree = "<group>"; };
		1811A1FD216D9C3800927D36 /* MLClockOffsetDayDateModel.swift */ = {isa = PBXFileReference; lastKnownFileType = sourcecode.swift; path = MLClockOffsetDayDateModel.swift; sourceTree = "<group>"; };
		183224542153719F009A7439 /* Main.storyboard */ = {isa = PBXFileReference; lastKnownFileType = file.storyboard; path = Main.storyboard; sourceTree = "<group>"; };
		1832245A21537AE6009A7439 /* MLClockDataList.swift */ = {isa = PBXFileReference; lastKnownFileType = sourcecode.swift; path = MLClockDataList.swift; sourceTree = "<group>"; };
		1832245E21538186009A7439 /* MLClockDateManager.swift */ = {isa = PBXFileReference; lastKnownFileType = sourcecode.swift; path = MLClockDateManager.swift; sourceTree = "<group>"; };
		184B813D21548A5900EAFAA0 /* Label+MLCreate.swift */ = {isa = PBXFileReference; lastKnownFileType = sourcecode.swift; path = "Label+MLCreate.swift"; sourceTree = "<group>"; };
		184B813F215496D200EAFAA0 /* View+MLAdd.swift */ = {isa = PBXFileReference; lastKnownFileType = sourcecode.swift; path = "View+MLAdd.swift"; sourceTree = "<group>"; };
		184D58322174661E0093E394 /* MLHoursPickerManager.swift */ = {isa = PBXFileReference; lastKnownFileType = sourcecode.swift; path = MLHoursPickerManager.swift; sourceTree = "<group>"; };
		184D5834217469AC0093E394 /* MLTitleTextFieldItem.swift */ = {isa = PBXFileReference; lastKnownFileType = sourcecode.swift; path = MLTitleTextFieldItem.swift; sourceTree = "<group>"; };
		184D5836217586A20093E394 /* MLClockEditOffsetDayViewController.swift */ = {isa = PBXFileReference; lastKnownFileType = sourcecode.swift; path = MLClockEditOffsetDayViewController.swift; sourceTree = "<group>"; };
		184D58382175B7A60093E394 /* MLDatePickerView.swift */ = {isa = PBXFileReference; lastKnownFileType = sourcecode.swift; path = MLDatePickerView.swift; sourceTree = "<group>"; };
		184D583A2175B7C40093E394 /* MLDatePickerToolView.swift */ = {isa = PBXFileReference; lastKnownFileType = sourcecode.swift; path = MLDatePickerToolView.swift; sourceTree = "<group>"; };
		184D583C2175DD1D0093E394 /* MLHourDatePickerView.swift */ = {isa = PBXFileReference; lastKnownFileType = sourcecode.swift; path = MLHourDatePickerView.swift; sourceTree = "<group>"; };
		184D583E2175DE9B0093E394 /* MLSelectorAlertProtocol.swift */ = {isa = PBXFileReference; lastKnownFileType = sourcecode.swift; path = MLSelectorAlertProtocol.swift; sourceTree = "<group>"; };
		184D58402175DFD20093E394 /* MLDatePickerHelper.swift */ = {isa = PBXFileReference; lastKnownFileType = sourcecode.swift; path = MLDatePickerHelper.swift; sourceTree = "<group>"; };
		184D584321771EAC0093E394 /* MLClockEditProtocol.swift */ = {isa = PBXFileReference; lastKnownFileType = sourcecode.swift; path = MLClockEditProtocol.swift; sourceTree = "<group>"; };
		184D584521782DCC0093E394 /* MLClockEditNavigationViewController.swift */ = {isa = PBXFileReference; lastKnownFileType = sourcecode.swift; path = MLClockEditNavigationViewController.swift; sourceTree = "<group>"; };
		184D584721782F230093E394 /* UIResponder+MLAdd.swift */ = {isa = PBXFileReference; lastKnownFileType = sourcecode.swift; path = "UIResponder+MLAdd.swift"; sourceTree = "<group>"; };
		189ECB28215C786E00CD29B6 /* MLClockListViewController.swift */ = {isa = PBXFileReference; lastKnownFileType = sourcecode.swift; path = MLClockListViewController.swift; sourceTree = "<group>"; };
		189ECB36215C882F00CD29B6 /* MLClockListManager.swift */ = {isa = PBXFileReference; lastKnownFileType = sourcecode.swift; path = MLClockListManager.swift; sourceTree = "<group>"; };
		18B3F0CF216D9F6D00874E5C /* MLClockDefineConstants.swift */ = {isa = PBXFileReference; lastKnownFileType = sourcecode.swift; path = MLClockDefineConstants.swift; sourceTree = "<group>"; };
		18BB5E1C21534ABA0088EB96 /* MLClockTool.app */ = {isa = PBXFileReference; explicitFileType = wrapper.application; includeInIndex = 0; path = MLClockTool.app; sourceTree = BUILT_PRODUCTS_DIR; };
		18BB5E1F21534ABA0088EB96 /* AppDelegate.swift */ = {isa = PBXFileReference; lastKnownFileType = sourcecode.swift; path = AppDelegate.swift; sourceTree = "<group>"; };
		18BB5E2621534AC00088EB96 /* Assets.xcassets */ = {isa = PBXFileReference; lastKnownFileType = folder.assetcatalog; path = Assets.xcassets; sourceTree = "<group>"; };
		18BB5E2921534AC00088EB96 /* Base */ = {isa = PBXFileReference; lastKnownFileType = file.storyboard; name = Base; path = Base.lproj/LaunchScreen.storyboard; sourceTree = "<group>"; };
		18BB5E2B21534AC00088EB96 /* Info.plist */ = {isa = PBXFileReference; lastKnownFileType = text.plist.xml; path = Info.plist; sourceTree = "<group>"; };
		18BB5E3021534AC10088EB96 /* MLClockToolTests.xctest */ = {isa = PBXFileReference; explicitFileType = wrapper.cfbundle; includeInIndex = 0; path = MLClockToolTests.xctest; sourceTree = BUILT_PRODUCTS_DIR; };
		18BB5E3421534AC10088EB96 /* MLClockToolTests.swift */ = {isa = PBXFileReference; lastKnownFileType = sourcecode.swift; path = MLClockToolTests.swift; sourceTree = "<group>"; };
		18BB5E3621534AC10088EB96 /* Info.plist */ = {isa = PBXFileReference; lastKnownFileType = text.plist.xml; path = Info.plist; sourceTree = "<group>"; };
		18BB5E3B21534AC10088EB96 /* MLClockToolUITests.xctest */ = {isa = PBXFileReference; explicitFileType = wrapper.cfbundle; includeInIndex = 0; path = MLClockToolUITests.xctest; sourceTree = BUILT_PRODUCTS_DIR; };
		18BB5E3F21534AC10088EB96 /* MLClockToolUITests.swift */ = {isa = PBXFileReference; lastKnownFileType = sourcecode.swift; path = MLClockToolUITests.swift; sourceTree = "<group>"; };
		18BB5E4121534AC10088EB96 /* Info.plist */ = {isa = PBXFileReference; lastKnownFileType = text.plist.xml; path = Info.plist; sourceTree = "<group>"; };
		18C9EC97215CC15200C9CAC6 /* MLClockListTableViewCell.swift */ = {isa = PBXFileReference; lastKnownFileType = sourcecode.swift; path = MLClockListTableViewCell.swift; sourceTree = "<group>"; };
		18C9EC99215CC2C900C9CAC6 /* MLClockNullView.swift */ = {isa = PBXFileReference; lastKnownFileType = sourcecode.swift; path = MLClockNullView.swift; sourceTree = "<group>"; };
		18C9EC9B215CD09100C9CAC6 /* View+MLLayoutExtension.swift */ = {isa = PBXFileReference; lastKnownFileType = sourcecode.swift; path = "View+MLLayoutExtension.swift"; sourceTree = "<group>"; };
/* End PBXFileReference section */

/* Begin PBXFrameworksBuildPhase section */
		18BB5E1921534ABA0088EB96 /* Frameworks */ = {
			isa = PBXFrameworksBuildPhase;
			buildActionMask = 2147483647;
			files = (
			);
			runOnlyForDeploymentPostprocessing = 0;
		};
		18BB5E2D21534AC10088EB96 /* Frameworks */ = {
			isa = PBXFrameworksBuildPhase;
			buildActionMask = 2147483647;
			files = (
			);
			runOnlyForDeploymentPostprocessing = 0;
		};
		18BB5E3821534AC10088EB96 /* Frameworks */ = {
			isa = PBXFrameworksBuildPhase;
			buildActionMask = 2147483647;
			files = (
			);
			runOnlyForDeploymentPostprocessing = 0;
		};
/* End PBXFrameworksBuildPhase section */

/* Begin PBXGroup section */
		180AD3C7216EE667009E3ABD /* Model */ = {
			isa = PBXGroup;
			children = (
				1832245A21537AE6009A7439 /* MLClockDataList.swift */,
				1811A1F9216D9B3C00927D36 /* MLClockDateModel.swift */,
				1811A1FD216D9C3800927D36 /* MLClockOffsetDayDateModel.swift */,
			);
			path = Model;
			sourceTree = "<group>";
		};
		180AD3C8216EE680009E3ABD /* Managers */ = {
			isa = PBXGroup;
			children = (
				189ECB36215C882F00CD29B6 /* MLClockListManager.swift */,
				1832245E21538186009A7439 /* MLClockDateManager.swift */,
				180114E621707F85005C543F /* MLClockEditManager.swift */,
			);
			path = Managers;
			sourceTree = "<group>";
		};
		184B8136215489C500EAFAA0 /* Module */ = {
			isa = PBXGroup;
			children = (
				184B8137215489C500EAFAA0 /* ClockTool */,
			);
			path = Module;
			sourceTree = "<group>";
		};
		184B8137215489C500EAFAA0 /* ClockTool */ = {
			isa = PBXGroup;
			children = (
				184D584221771E950093E394 /* Other */,
				180AD3C8216EE680009E3ABD /* Managers */,
				180AD3C7216EE667009E3ABD /* Model */,
				18B3F0CE216D9F5E00874E5C /* Constants */,
				184B813A215489F500EAFAA0 /* Vs */,
				184B8139215489D700EAFAA0 /* Cs */,
			);
			path = ClockTool;
			sourceTree = "<group>";
		};
		184B8139215489D700EAFAA0 /* Cs */ = {
			isa = PBXGroup;
			children = (
				189ECB28215C786E00CD29B6 /* MLClockListViewController.swift */,
				180114E421707F57005C543F /* MLClockEditViewController.swift */,
				184D5836217586A20093E394 /* MLClockEditOffsetDayViewController.swift */,
				184D584521782DCC0093E394 /* MLClockEditNavigationViewController.swift */,
				184D584721782F230093E394 /* UIResponder+MLAdd.swift */,
			);
			path = Cs;
			sourceTree = "<group>";
		};
		184B813A215489F500EAFAA0 /* Vs */ = {
			isa = PBXGroup;
			children = (
				184D58382175B7A60093E394 /* MLDatePickerView.swift */,
				184D583C2175DD1D0093E394 /* MLHourDatePickerView.swift */,
				184D583E2175DE9B0093E394 /* MLSelectorAlertProtocol.swift */,
				18C9EC97215CC15200C9CAC6 /* MLClockListTableViewCell.swift */,
				18C9EC99215CC2C900C9CAC6 /* MLClockNullView.swift */,
				180114E221707F2F005C543F /* MLClockEditView.swift */,
				184D583A2175B7C40093E394 /* MLDatePickerToolView.swift */,
				184D58402175DFD20093E394 /* MLDatePickerHelper.swift */,
			);
			path = Vs;
			sourceTree = "<group>";
		};
		184B813B21548A2900EAFAA0 /* Tools */ = {
			isa = PBXGroup;
			children = (
				184D5831217465EF0093E394 /* View */,
				18C9EC9D215CD0C800C9CAC6 /* Layout */,
				184B813C21548A2900EAFAA0 /* Extension */,
			);
			path = Tools;
			sourceTree = "<group>";
		};
		184B813C21548A2900EAFAA0 /* Extension */ = {
			isa = PBXGroup;
			children = (
				184B813D21548A5900EAFAA0 /* Label+MLCreate.swift */,
				184B813F215496D200EAFAA0 /* View+MLAdd.swift */,
			);
			path = Extension;
			sourceTree = "<group>";
		};
		184D5831217465EF0093E394 /* View */ = {
			isa = PBXGroup;
			children = (
				184D58322174661E0093E394 /* MLHoursPickerManager.swift */,
				184D5834217469AC0093E394 /* MLTitleTextFieldItem.swift */,
			);
			path = View;
			sourceTree = "<group>";
		};
		184D584221771E950093E394 /* Other */ = {
			isa = PBXGroup;
			children = (
				1811A1F7216D9AA400927D36 /* MLClockDateProtocol.swift */,
				184D584321771EAC0093E394 /* MLClockEditProtocol.swift */,
			);
			path = Other;
			sourceTree = "<group>";
		};
		18B3F0CE216D9F5E00874E5C /* Constants */ = {
			isa = PBXGroup;
			children = (
				18B3F0CF216D9F6D00874E5C /* MLClockDefineConstants.swift */,
			);
			path = Constants;
			sourceTree = "<group>";
		};
		18BB5E1321534ABA0088EB96 = {
			isa = PBXGroup;
			children = (
				18BB5E1E21534ABA0088EB96 /* MLClockTool */,
				18BB5E3321534AC10088EB96 /* MLClockToolTests */,
				18BB5E3E21534AC10088EB96 /* MLClockToolUITests */,
				18BB5E1D21534ABA0088EB96 /* Products */,
			);
			sourceTree = "<group>";
		};
		18BB5E1D21534ABA0088EB96 /* Products */ = {
			isa = PBXGroup;
			children = (
				18BB5E1C21534ABA0088EB96 /* MLClockTool.app */,
				18BB5E3021534AC10088EB96 /* MLClockToolTests.xctest */,
				18BB5E3B21534AC10088EB96 /* MLClockToolUITests.xctest */,
			);
			name = Products;
			sourceTree = "<group>";
		};
		18BB5E1E21534ABA0088EB96 /* MLClockTool */ = {
			isa = PBXGroup;
			children = (
				184B813B21548A2900EAFAA0 /* Tools */,
				184B8136215489C500EAFAA0 /* Module */,
				18BB5E1F21534ABA0088EB96 /* AppDelegate.swift */,
				18BB5E2621534AC00088EB96 /* Assets.xcassets */,
				18BB5E2821534AC00088EB96 /* LaunchScreen.storyboard */,
				183224542153719F009A7439 /* Main.storyboard */,
				18BB5E2B21534AC00088EB96 /* Info.plist */,
			);
			path = MLClockTool;
			sourceTree = "<group>";
		};
		18BB5E3321534AC10088EB96 /* MLClockToolTests */ = {
			isa = PBXGroup;
			children = (
				18BB5E3421534AC10088EB96 /* MLClockToolTests.swift */,
				18BB5E3621534AC10088EB96 /* Info.plist */,
			);
			path = MLClockToolTests;
			sourceTree = "<group>";
		};
		18BB5E3E21534AC10088EB96 /* MLClockToolUITests */ = {
			isa = PBXGroup;
			children = (
				18BB5E3F21534AC10088EB96 /* MLClockToolUITests.swift */,
				18BB5E4121534AC10088EB96 /* Info.plist */,
			);
			path = MLClockToolUITests;
			sourceTree = "<group>";
		};
		18C9EC9D215CD0C800C9CAC6 /* Layout */ = {
			isa = PBXGroup;
			children = (
				18C9EC9B215CD09100C9CAC6 /* View+MLLayoutExtension.swift */,
			);
			path = Layout;
			sourceTree = "<group>";
		};
/* End PBXGroup section */

/* Begin PBXNativeTarget section */
		18BB5E1B21534ABA0088EB96 /* MLClockTool */ = {
			isa = PBXNativeTarget;
			buildConfigurationList = 18BB5E4421534AC10088EB96 /* Build configuration list for PBXNativeTarget "MLClockTool" */;
			buildPhases = (
				18BB5E1821534ABA0088EB96 /* Sources */,
				18BB5E1921534ABA0088EB96 /* Frameworks */,
				18BB5E1A21534ABA0088EB96 /* Resources */,
			);
			buildRules = (
			);
			dependencies = (
			);
			name = MLClockTool;
			productName = MLClockTool;
			productReference = 18BB5E1C21534ABA0088EB96 /* MLClockTool.app */;
			productType = "com.apple.product-type.application";
		};
		18BB5E2F21534AC10088EB96 /* MLClockToolTests */ = {
			isa = PBXNativeTarget;
			buildConfigurationList = 18BB5E4721534AC10088EB96 /* Build configuration list for PBXNativeTarget "MLClockToolTests" */;
			buildPhases = (
				18BB5E2C21534AC10088EB96 /* Sources */,
				18BB5E2D21534AC10088EB96 /* Frameworks */,
				18BB5E2E21534AC10088EB96 /* Resources */,
			);
			buildRules = (
			);
			dependencies = (
				18BB5E3221534AC10088EB96 /* PBXTargetDependency */,
			);
			name = MLClockToolTests;
			productName = MLClockToolTests;
			productReference = 18BB5E3021534AC10088EB96 /* MLClockToolTests.xctest */;
			productType = "com.apple.product-type.bundle.unit-test";
		};
		18BB5E3A21534AC10088EB96 /* MLClockToolUITests */ = {
			isa = PBXNativeTarget;
			buildConfigurationList = 18BB5E4A21534AC10088EB96 /* Build configuration list for PBXNativeTarget "MLClockToolUITests" */;
			buildPhases = (
				18BB5E3721534AC10088EB96 /* Sources */,
				18BB5E3821534AC10088EB96 /* Frameworks */,
				18BB5E3921534AC10088EB96 /* Resources */,
			);
			buildRules = (
			);
			dependencies = (
				18BB5E3D21534AC10088EB96 /* PBXTargetDependency */,
			);
			name = MLClockToolUITests;
			productName = MLClockToolUITests;
			productReference = 18BB5E3B21534AC10088EB96 /* MLClockToolUITests.xctest */;
			productType = "com.apple.product-type.bundle.ui-testing";
		};
/* End PBXNativeTarget section */

/* Begin PBXProject section */
		18BB5E1421534ABA0088EB96 /* Project object */ = {
			isa = PBXProject;
			attributes = {
				LastSwiftUpdateCheck = 1000;
				LastUpgradeCheck = 1000;
				ORGANIZATIONNAME = apple;
				TargetAttributes = {
					18BB5E1B21534ABA0088EB96 = {
						CreatedOnToolsVersion = 10.0;
					};
					18BB5E2F21534AC10088EB96 = {
						CreatedOnToolsVersion = 10.0;
						TestTargetID = 18BB5E1B21534ABA0088EB96;
					};
					18BB5E3A21534AC10088EB96 = {
						CreatedOnToolsVersion = 10.0;
						TestTargetID = 18BB5E1B21534ABA0088EB96;
					};
				};
			};
			buildConfigurationList = 18BB5E1721534ABA0088EB96 /* Build configuration list for PBXProject "MLClockTool" */;
			compatibilityVersion = "Xcode 9.3";
			developmentRegion = en;
			hasScannedForEncodings = 0;
			knownRegions = (
				en,
				Base,
			);
			mainGroup = 18BB5E1321534ABA0088EB96;
			productRefGroup = 18BB5E1D21534ABA0088EB96 /* Products */;
			projectDirPath = "";
			projectRoot = "";
			targets = (
				18BB5E1B21534ABA0088EB96 /* MLClockTool */,
				18BB5E2F21534AC10088EB96 /* MLClockToolTests */,
				18BB5E3A21534AC10088EB96 /* MLClockToolUITests */,
			);
		};
/* End PBXProject section */

/* Begin PBXResourcesBuildPhase section */
		18BB5E1A21534ABA0088EB96 /* Resources */ = {
			isa = PBXResourcesBuildPhase;
			buildActionMask = 2147483647;
			files = (
				183224552153719F009A7439 /* Main.storyboard in Resources */,
				18BB5E2A21534AC00088EB96 /* LaunchScreen.storyboard in Resources */,
				18BB5E2721534AC00088EB96 /* Assets.xcassets in Resources */,
			);
			runOnlyForDeploymentPostprocessing = 0;
		};
		18BB5E2E21534AC10088EB96 /* Resources */ = {
			isa = PBXResourcesBuildPhase;
			buildActionMask = 2147483647;
			files = (
			);
			runOnlyForDeploymentPostprocessing = 0;
		};
		18BB5E3921534AC10088EB96 /* Resources */ = {
			isa = PBXResourcesBuildPhase;
			buildActionMask = 2147483647;
			files = (
			);
			runOnlyForDeploymentPostprocessing = 0;
		};
/* End PBXResourcesBuildPhase section */

/* Begin PBXSourcesBuildPhase section */
		18BB5E1821534ABA0088EB96 /* Sources */ = {
			isa = PBXSourcesBuildPhase;
			buildActionMask = 2147483647;
			files = (
				189ECB37215C882F00CD29B6 /* MLClockListManager.swift in Sources */,
				1811A1FE216D9C3800927D36 /* MLClockOffsetDayDateModel.swift in Sources */,
				18B3F0D0216D9F6D00874E5C /* MLClockDefineConstants.swift in Sources */,
				184B8140215496D200EAFAA0 /* View+MLAdd.swift in Sources */,
				184D583F2175DE9B0093E394 /* MLSelectorAlertProtocol.swift in Sources */,
				184D584821782F230093E394 /* UIResponder+MLAdd.swift in Sources */,
				184D584421771EAC0093E394 /* MLClockEditProtocol.swift in Sources */,
				180114E521707F57005C543F /* MLClockEditViewController.swift in Sources */,
				180114E321707F2F005C543F /* MLClockEditView.swift in Sources */,
				18C9EC98215CC15200C9CAC6 /* MLClockListTableViewCell.swift in Sources */,
				184D583D2175DD1D0093E394 /* MLHourDatePickerView.swift in Sources */,
				189ECB29215C786E00CD29B6 /* MLClockListViewController.swift in Sources */,
				18BB5E2021534ABA0088EB96 /* AppDelegate.swift in Sources */,
				184D5837217586A20093E394 /* MLClockEditOffsetDayViewController.swift in Sources */,
				184D58332174661E0093E394 /* MLHoursPickerManager.swift in Sources */,
				1811A1F8216D9AA400927D36 /* MLClockDateProtocol.swift in Sources */,
				184D5835217469AC0093E394 /* MLTitleTextFieldItem.swift in Sources */,
				1811A1FA216D9B3C00927D36 /* MLClockDateModel.swift in Sources */,
				184D58412175DFD20093E394 /* MLDatePickerHelper.swift in Sources */,
				18C9EC9A215CC2C900C9CAC6 /* MLClockNullView.swift in Sources */,
				1832245B21537AE6009A7439 /* MLClockDataList.swift in Sources */,
				18C9EC9C215CD09100C9CAC6 /* View+MLLayoutExtension.swift in Sources */,
				1832245F21538186009A7439 /* MLClockDateManager.swift in Sources */,
				184D58392175B7A60093E394 /* MLDatePickerView.swift in Sources */,
				180114E721707F85005C543F /* MLClockEditManager.swift in Sources */,
				184B813E21548A5900EAFAA0 /* Label+MLCreate.swift in Sources */,
				184D584621782DCC0093E394 /* MLClockEditNavigationViewController.swift in Sources */,
				184D583B2175B7C40093E394 /* MLDatePickerToolView.swift in Sources */,
			);
			runOnlyForDeploymentPostprocessing = 0;
		};
		18BB5E2C21534AC10088EB96 /* Sources */ = {
			isa = PBXSourcesBuildPhase;
			buildActionMask = 2147483647;
			files = (
				18BB5E3521534AC10088EB96 /* MLClockToolTests.swift in Sources */,
			);
			runOnlyForDeploymentPostprocessing = 0;
		};
		18BB5E3721534AC10088EB96 /* Sources */ = {
			isa = PBXSourcesBuildPhase;
			buildActionMask = 2147483647;
			files = (
				18BB5E4021534AC10088EB96 /* MLClockToolUITests.swift in Sources */,
			);
			runOnlyForDeploymentPostprocessing = 0;
		};
/* End PBXSourcesBuildPhase section */

/* Begin PBXTargetDependency section */
		18BB5E3221534AC10088EB96 /* PBXTargetDependency */ = {
			isa = PBXTargetDependency;
			target = 18BB5E1B21534ABA0088EB96 /* MLClockTool */;
			targetProxy = 18BB5E3121534AC10088EB96 /* PBXContainerItemProxy */;
		};
		18BB5E3D21534AC10088EB96 /* PBXTargetDependency */ = {
			isa = PBXTargetDependency;
			target = 18BB5E1B21534ABA0088EB96 /* MLClockTool */;
			targetProxy = 18BB5E3C21534AC10088EB96 /* PBXContainerItemProxy */;
		};
/* End PBXTargetDependency section */

/* Begin PBXVariantGroup section */
		18BB5E2821534AC00088EB96 /* LaunchScreen.storyboard */ = {
			isa = PBXVariantGroup;
			children = (
				18BB5E2921534AC00088EB96 /* Base */,
			);
			name = LaunchScreen.storyboard;
			sourceTree = "<group>";
		};
/* End PBXVariantGroup section */

/* Begin XCBuildConfiguration section */
		18BB5E4221534AC10088EB96 /* Debug */ = {
			isa = XCBuildConfiguration;
			buildSettings = {
				ALWAYS_SEARCH_USER_PATHS = NO;
				CLANG_ANALYZER_NONNULL = YES;
				CLANG_ANALYZER_NUMBER_OBJECT_CONVERSION = YES_AGGRESSIVE;
				CLANG_CXX_LANGUAGE_STANDARD = "gnu++14";
				CLANG_CXX_LIBRARY = "libc++";
				CLANG_ENABLE_MODULES = YES;
				CLANG_ENABLE_OBJC_ARC = YES;
				CLANG_ENABLE_OBJC_WEAK = YES;
				CLANG_WARN_BLOCK_CAPTURE_AUTORELEASING = YES;
				CLANG_WARN_BOOL_CONVERSION = YES;
				CLANG_WARN_COMMA = YES;
				CLANG_WARN_CONSTANT_CONVERSION = YES;
				CLANG_WARN_DEPRECATED_OBJC_IMPLEMENTATIONS = YES;
				CLANG_WARN_DIRECT_OBJC_ISA_USAGE = YES_ERROR;
				CLANG_WARN_DOCUMENTATION_COMMENTS = YES;
				CLANG_WARN_EMPTY_BODY = YES;
				CLANG_WARN_ENUM_CONVERSION = YES;
				CLANG_WARN_INFINITE_RECURSION = YES;
				CLANG_WARN_INT_CONVERSION = YES;
				CLANG_WARN_NON_LITERAL_NULL_CONVERSION = YES;
				CLANG_WARN_OBJC_IMPLICIT_RETAIN_SELF = YES;
				CLANG_WARN_OBJC_LITERAL_CONVERSION = YES;
				CLANG_WARN_OBJC_ROOT_CLASS = YES_ERROR;
				CLANG_WARN_RANGE_LOOP_ANALYSIS = YES;
				CLANG_WARN_STRICT_PROTOTYPES = YES;
				CLANG_WARN_SUSPICIOUS_MOVE = YES;
				CLANG_WARN_UNGUARDED_AVAILABILITY = YES_AGGRESSIVE;
				CLANG_WARN_UNREACHABLE_CODE = YES;
				CLANG_WARN__DUPLICATE_METHOD_MATCH = YES;
				CODE_SIGN_IDENTITY = "iPhone Developer";
				COPY_PHASE_STRIP = NO;
				DEBUG_INFORMATION_FORMAT = dwarf;
				ENABLE_STRICT_OBJC_MSGSEND = YES;
				ENABLE_TESTABILITY = YES;
				GCC_C_LANGUAGE_STANDARD = gnu11;
				GCC_DYNAMIC_NO_PIC = NO;
				GCC_NO_COMMON_BLOCKS = YES;
				GCC_OPTIMIZATION_LEVEL = 0;
				GCC_PREPROCESSOR_DEFINITIONS = (
					"DEBUG=1",
					"$(inherited)",
				);
				GCC_WARN_64_TO_32_BIT_CONVERSION = YES;
				GCC_WARN_ABOUT_RETURN_TYPE = YES_ERROR;
				GCC_WARN_UNDECLARED_SELECTOR = YES;
				GCC_WARN_UNINITIALIZED_AUTOS = YES_AGGRESSIVE;
				GCC_WARN_UNUSED_FUNCTION = YES;
				GCC_WARN_UNUSED_VARIABLE = YES;
				IPHONEOS_DEPLOYMENT_TARGET = 12.0;
				MTL_ENABLE_DEBUG_INFO = INCLUDE_SOURCE;
				MTL_FAST_MATH = YES;
				ONLY_ACTIVE_ARCH = YES;
				SDKROOT = iphoneos;
				SWIFT_ACTIVE_COMPILATION_CONDITIONS = DEBUG;
				SWIFT_OPTIMIZATION_LEVEL = "-Onone";
			};
			name = Debug;
		};
		18BB5E4321534AC10088EB96 /* Release */ = {
			isa = XCBuildConfiguration;
			buildSettings = {
				ALWAYS_SEARCH_USER_PATHS = NO;
				CLANG_ANALYZER_NONNULL = YES;
				CLANG_ANALYZER_NUMBER_OBJECT_CONVERSION = YES_AGGRESSIVE;
				CLANG_CXX_LANGUAGE_STANDARD = "gnu++14";
				CLANG_CXX_LIBRARY = "libc++";
				CLANG_ENABLE_MODULES = YES;
				CLANG_ENABLE_OBJC_ARC = YES;
				CLANG_ENABLE_OBJC_WEAK = YES;
				CLANG_WARN_BLOCK_CAPTURE_AUTORELEASING = YES;
				CLANG_WARN_BOOL_CONVERSION = YES;
				CLANG_WARN_COMMA = YES;
				CLANG_WARN_CONSTANT_CONVERSION = YES;
				CLANG_WARN_DEPRECATED_OBJC_IMPLEMENTATIONS = YES;
				CLANG_WARN_DIRECT_OBJC_ISA_USAGE = YES_ERROR;
				CLANG_WARN_DOCUMENTATION_COMMENTS = YES;
				CLANG_WARN_EMPTY_BODY = YES;
				CLANG_WARN_ENUM_CONVERSION = YES;
				CLANG_WARN_INFINITE_RECURSION = YES;
				CLANG_WARN_INT_CONVERSION = YES;
				CLANG_WARN_NON_LITERAL_NULL_CONVERSION = YES;
				CLANG_WARN_OBJC_IMPLICIT_RETAIN_SELF = YES;
				CLANG_WARN_OBJC_LITERAL_CONVERSION = YES;
				CLANG_WARN_OBJC_ROOT_CLASS = YES_ERROR;
				CLANG_WARN_RANGE_LOOP_ANALYSIS = YES;
				CLANG_WARN_STRICT_PROTOTYPES = YES;
				CLANG_WARN_SUSPICIOUS_MOVE = YES;
				CLANG_WARN_UNGUARDED_AVAILABILITY = YES_AGGRESSIVE;
				CLANG_WARN_UNREACHABLE_CODE = YES;
				CLANG_WARN__DUPLICATE_METHOD_MATCH = YES;
				CODE_SIGN_IDENTITY = "iPhone Developer";
				COPY_PHASE_STRIP = NO;
				DEBUG_INFORMATION_FORMAT = "dwarf-with-dsym";
				ENABLE_NS_ASSERTIONS = NO;
				ENABLE_STRICT_OBJC_MSGSEND = YES;
				GCC_C_LANGUAGE_STANDARD = gnu11;
				GCC_NO_COMMON_BLOCKS = YES;
				GCC_WARN_64_TO_32_BIT_CONVERSION = YES;
				GCC_WARN_ABOUT_RETURN_TYPE = YES_ERROR;
				GCC_WARN_UNDECLARED_SELECTOR = YES;
				GCC_WARN_UNINITIALIZED_AUTOS = YES_AGGRESSIVE;
				GCC_WARN_UNUSED_FUNCTION = YES;
				GCC_WARN_UNUSED_VARIABLE = YES;
				IPHONEOS_DEPLOYMENT_TARGET = 12.0;
				MTL_ENABLE_DEBUG_INFO = NO;
				MTL_FAST_MATH = YES;
				SDKROOT = iphoneos;
				SWIFT_COMPILATION_MODE = wholemodule;
				SWIFT_OPTIMIZATION_LEVEL = "-O";
				VALIDATE_PRODUCT = YES;
			};
			name = Release;
		};
		18BB5E4521534AC10088EB96 /* Debug */ = {
			isa = XCBuildConfiguration;
			buildSettings = {
				ASSETCATALOG_COMPILER_APPICON_NAME = AppIcon;
				CODE_SIGN_STYLE = Automatic;
				DEVELOPMENT_TEAM = 29W9687J6A;
				GCC_TREAT_WARNINGS_AS_ERRORS = YES;
				INFOPLIST_FILE = MLClockTool/Info.plist;
				IPHONEOS_DEPLOYMENT_TARGET = 10.0;
				LD_RUNPATH_SEARCH_PATHS = (
					"$(inherited)",
					"@executable_path/Frameworks",
				);
				PRODUCT_BUNDLE_IDENTIFIER = com.YM.MLClockTool;
				PRODUCT_NAME = "$(TARGET_NAME)";
				SWIFT_VERSION = 4.2;
				TARGETED_DEVICE_FAMILY = "1,2";
			};
			name = Debug;
		};
		18BB5E4621534AC10088EB96 /* Release */ = {
			isa = XCBuildConfiguration;
			buildSettings = {
				ASSETCATALOG_COMPILER_APPICON_NAME = AppIcon;
				CODE_SIGN_STYLE = Automatic;
				DEVELOPMENT_TEAM = 29W9687J6A;
				GCC_TREAT_WARNINGS_AS_ERRORS = YES;
				INFOPLIST_FILE = MLClockTool/Info.plist;
				IPHONEOS_DEPLOYMENT_TARGET = 10.0;
				LD_RUNPATH_SEARCH_PATHS = (
					"$(inherited)",
					"@executable_path/Frameworks",
				);
				PRODUCT_BUNDLE_IDENTIFIER = com.YM.MLClockTool;
				PRODUCT_NAME = "$(TARGET_NAME)";
				SWIFT_VERSION = 4.2;
				TARGETED_DEVICE_FAMILY = "1,2";
			};
			name = Release;
		};
		18BB5E4821534AC10088EB96 /* Debug */ = {
			isa = XCBuildConfiguration;
			buildSettings = {
				ALWAYS_EMBED_SWIFT_STANDARD_LIBRARIES = YES;
				BUNDLE_LOADER = "$(TEST_HOST)";
				CODE_SIGN_STYLE = Automatic;
				DEVELOPMENT_TEAM = 29W9687J6A;
				INFOPLIST_FILE = MLClockToolTests/Info.plist;
				LD_RUNPATH_SEARCH_PATHS = (
					"$(inherited)",
					"@executable_path/Frameworks",
					"@loader_path/Frameworks",
				);
				PRODUCT_BUNDLE_IDENTIFIER = com.YM.MLClockToolTests;
				PRODUCT_NAME = "$(TARGET_NAME)";
				SWIFT_VERSION = 4.2;
				TARGETED_DEVICE_FAMILY = "1,2";
				TEST_HOST = "$(BUILT_PRODUCTS_DIR)/MLClockTool.app/MLClockTool";
			};
			name = Debug;
		};
		18BB5E4921534AC10088EB96 /* Release */ = {
			isa = XCBuildConfiguration;
			buildSettings = {
				ALWAYS_EMBED_SWIFT_STANDARD_LIBRARIES = YES;
				BUNDLE_LOADER = "$(TEST_HOST)";
				CODE_SIGN_STYLE = Automatic;
				DEVELOPMENT_TEAM = 29W9687J6A;
				INFOPLIST_FILE = MLClockToolTests/Info.plist;
				LD_RUNPATH_SEARCH_PATHS = (
					"$(inherited)",
					"@executable_path/Frameworks",
					"@loader_path/Frameworks",
				);
				PRODUCT_BUNDLE_IDENTIFIER = com.YM.MLClockToolTests;
				PRODUCT_NAME = "$(TARGET_NAME)";
				SWIFT_VERSION = 4.2;
				TARGETED_DEVICE_FAMILY = "1,2";
				TEST_HOST = "$(BUILT_PRODUCTS_DIR)/MLClockTool.app/MLClockTool";
			};
			name = Release;
		};
		18BB5E4B21534AC10088EB96 /* Debug */ = {
			isa = XCBuildConfiguration;
			buildSettings = {
				ALWAYS_EMBED_SWIFT_STANDARD_LIBRARIES = YES;
				CODE_SIGN_STYLE = Automatic;
				DEVELOPMENT_TEAM = 29W9687J6A;
				INFOPLIST_FILE = MLClockToolUITests/Info.plist;
				LD_RUNPATH_SEARCH_PATHS = (
					"$(inherited)",
					"@executable_path/Frameworks",
					"@loader_path/Frameworks",
				);
				PRODUCT_BUNDLE_IDENTIFIER = com.YM.MLClockToolUITests;
				PRODUCT_NAME = "$(TARGET_NAME)";
				SWIFT_VERSION = 4.2;
				TARGETED_DEVICE_FAMILY = "1,2";
				TEST_TARGET_NAME = MLClockTool;
			};
			name = Debug;
		};
		18BB5E4C21534AC10088EB96 /* Release */ = {
			isa = XCBuildConfiguration;
			buildSettings = {
				ALWAYS_EMBED_SWIFT_STANDARD_LIBRARIES = YES;
				CODE_SIGN_STYLE = Automatic;
				DEVELOPMENT_TEAM = 29W9687J6A;
				INFOPLIST_FILE = MLClockToolUITests/Info.plist;
				LD_RUNPATH_SEARCH_PATHS = (
					"$(inherited)",
					"@executable_path/Frameworks",
					"@loader_path/Frameworks",
				);
				PRODUCT_BUNDLE_IDENTIFIER = com.YM.MLClockToolUITests;
				PRODUCT_NAME = "$(TARGET_NAME)";
				SWIFT_VERSION = 4.2;
				TARGETED_DEVICE_FAMILY = "1,2";
				TEST_TARGET_NAME = MLClockTool;
			};
			name = Release;
		};
/* End XCBuildConfiguration section */

/* Begin XCConfigurationList section */
		18BB5E1721534ABA0088EB96 /* Build configuration list for PBXProject "MLClockTool" */ = {
			isa = XCConfigurationList;
			buildConfigurations = (
				18BB5E4221534AC10088EB96 /* Debug */,
				18BB5E4321534AC10088EB96 /* Release */,
			);
			defaultConfigurationIsVisible = 0;
			defaultConfigurationName = Release;
		};
		18BB5E4421534AC10088EB96 /* Build configuration list for PBXNativeTarget "MLClockTool" */ = {
			isa = XCConfigurationList;
			buildConfigurations = (
				18BB5E4521534AC10088EB96 /* Debug */,
				18BB5E4621534AC10088EB96 /* Release */,
			);
			defaultConfigurationIsVisible = 0;
			defaultConfigurationName = Release;
		};
		18BB5E4721534AC10088EB96 /* Build configuration list for PBXNativeTarget "MLClockToolTests" */ = {
			isa = XCConfigurationList;
			buildConfigurations = (
				18BB5E4821534AC10088EB96 /* Debug */,
				18BB5E4921534AC10088EB96 /* Release */,
			);
			defaultConfigurationIsVisible = 0;
			defaultConfigurationName = Release;
		};
		18BB5E4A21534AC10088EB96 /* Build configuration list for PBXNativeTarget "MLClockToolUITests" */ = {
			isa = XCConfigurationList;
			buildConfigurations = (
				18BB5E4B21534AC10088EB96 /* Debug */,
				18BB5E4C21534AC10088EB96 /* Release */,
			);
			defaultConfigurationIsVisible = 0;
			defaultConfigurationName = Release;
		};
/* End XCConfigurationList section */
	};
	rootObject = 18BB5E1421534ABA0088EB96 /* Project object */;
}
